// !$*UTF8*$!
{
	archiveVersion = 1;
	classes = {
	};
	objectVersion = 55;
	objects = {

/* Begin PBXBuildFile section */
		DD17B7A4281FDEE00075D6CF /* WorkouterApp.swift in Sources */ = {isa = PBXBuildFile; fileRef = DD17B7A3281FDEE00075D6CF /* WorkouterApp.swift */; };
		DD17B7A6281FDEE00075D6CF /* ContentView.swift in Sources */ = {isa = PBXBuildFile; fileRef = DD17B7A5281FDEE00075D6CF /* ContentView.swift */; };
		DD17B7A8281FDEE80075D6CF /* Assets.xcassets in Resources */ = {isa = PBXBuildFile; fileRef = DD17B7A7281FDEE80075D6CF /* Assets.xcassets */; };
		DD17B7AB281FDEE90075D6CF /* Preview Assets.xcassets in Resources */ = {isa = PBXBuildFile; fileRef = DD17B7AA281FDEE80075D6CF /* Preview Assets.xcassets */; };
		DD17B7B3281FE01B0075D6CF /* Resolver in Frameworks */ = {isa = PBXBuildFile; productRef = DD17B7B2281FE01B0075D6CF /* Resolver */; };
		DD17B7B6281FE1360075D6CF /* FirebaseAuth in Frameworks */ = {isa = PBXBuildFile; productRef = DD17B7B5281FE1360075D6CF /* FirebaseAuth */; };
		DD17B7B8281FE1360075D6CF /* FirebaseFirestore in Frameworks */ = {isa = PBXBuildFile; productRef = DD17B7B7281FE1360075D6CF /* FirebaseFirestore */; };
		DD17B7BA281FE1360075D6CF /* FirebaseFirestoreSwift-Beta in Frameworks */ = {isa = PBXBuildFile; productRef = DD17B7B9281FE1360075D6CF /* FirebaseFirestoreSwift-Beta */; };
		DD17B7BD281FE1DD0075D6CF /* Resolver.swift in Sources */ = {isa = PBXBuildFile; fileRef = DD17B7BC281FE1DD0075D6CF /* Resolver.swift */; };
		DD17B7C0281FE2380075D6CF /* AuthenticationService.swift in Sources */ = {isa = PBXBuildFile; fileRef = DD17B7BF281FE2380075D6CF /* AuthenticationService.swift */; };
		DD17B7C2281FE28C0075D6CF /* ExercisesService.swift in Sources */ = {isa = PBXBuildFile; fileRef = DD17B7C1281FE28C0075D6CF /* ExercisesService.swift */; };
		DD17B7C5281FE2C00075D6CF /* Exercise.swift in Sources */ = {isa = PBXBuildFile; fileRef = DD17B7C4281FE2C00075D6CF /* Exercise.swift */; };
/* End PBXBuildFile section */

/* Begin PBXFileReference section */
		DD17B7A0281FDEDF0075D6CF /* Workouter.app */ = {isa = PBXFileReference; explicitFileType = wrapper.application; includeInIndex = 0; path = Workouter.app; sourceTree = BUILT_PRODUCTS_DIR; };
		DD17B7A3281FDEE00075D6CF /* WorkouterApp.swift */ = {isa = PBXFileReference; lastKnownFileType = sourcecode.swift; path = WorkouterApp.swift; sourceTree = "<group>"; };
		DD17B7A5281FDEE00075D6CF /* ContentView.swift */ = {isa = PBXFileReference; lastKnownFileType = sourcecode.swift; path = ContentView.swift; sourceTree = "<group>"; };
		DD17B7A7281FDEE80075D6CF /* Assets.xcassets */ = {isa = PBXFileReference; lastKnownFileType = folder.assetcatalog; path = Assets.xcassets; sourceTree = "<group>"; };
		DD17B7AA281FDEE80075D6CF /* Preview Assets.xcassets */ = {isa = PBXFileReference; lastKnownFileType = folder.assetcatalog; path = "Preview Assets.xcassets"; sourceTree = "<group>"; };
		DD17B7BC281FE1DD0075D6CF /* Resolver.swift */ = {isa = PBXFileReference; lastKnownFileType = sourcecode.swift; path = Resolver.swift; sourceTree = "<group>"; };
		DD17B7BF281FE2380075D6CF /* AuthenticationService.swift */ = {isa = PBXFileReference; lastKnownFileType = sourcecode.swift; path = AuthenticationService.swift; sourceTree = "<group>"; };
		DD17B7C1281FE28C0075D6CF /* ExercisesService.swift */ = {isa = PBXFileReference; lastKnownFileType = sourcecode.swift; path = ExercisesService.swift; sourceTree = "<group>"; };
		DD17B7C4281FE2C00075D6CF /* Exercise.swift */ = {isa = PBXFileReference; lastKnownFileType = sourcecode.swift; path = Exercise.swift; sourceTree = "<group>"; };
/* End PBXFileReference section */

/* Begin PBXFrameworksBuildPhase section */
		DD17B79D281FDEDF0075D6CF /* Frameworks */ = {
			isa = PBXFrameworksBuildPhase;
			buildActionMask = 2147483647;
			files = (
				DD17B7B3281FE01B0075D6CF /* Resolver in Frameworks */,
				DD17B7BA281FE1360075D6CF /* FirebaseFirestoreSwift-Beta in Frameworks */,
				DD17B7B6281FE1360075D6CF /* FirebaseAuth in Frameworks */,
				DD17B7B8281FE1360075D6CF /* FirebaseFirestore in Frameworks */,
			);
			runOnlyForDeploymentPostprocessing = 0;
		};
/* End PBXFrameworksBuildPhase section */

/* Begin PBXGroup section */
		DD17B797281FDEDF0075D6CF = {
			isa = PBXGroup;
			children = (
				DD17B7A2281FDEDF0075D6CF /* Workouter */,
				DD17B7A1281FDEDF0075D6CF /* Products */,
			);
			sourceTree = "<group>";
		};
		DD17B7A1281FDEDF0075D6CF /* Products */ = {
			isa = PBXGroup;
			children = (
				DD17B7A0281FDEDF0075D6CF /* Workouter.app */,
			);
			name = Products;
			sourceTree = "<group>";
		};
		DD17B7A2281FDEDF0075D6CF /* Workouter */ = {
			isa = PBXGroup;
			children = (
				DD17B7C3281FE2BB0075D6CF /* Models */,
				DD17B7BE281FE22C0075D6CF /* Services */,
				DD17B7BB281FE1C40075D6CF /* DependencyInjection */,
				DD17B7A3281FDEE00075D6CF /* WorkouterApp.swift */,
				DD17B7A5281FDEE00075D6CF /* ContentView.swift */,
				DD17B7A7281FDEE80075D6CF /* Assets.xcassets */,
				DD17B7A9281FDEE80075D6CF /* Preview Content */,
			);
			path = Workouter;
			sourceTree = "<group>";
		};
		DD17B7A9281FDEE80075D6CF /* Preview Content */ = {
			isa = PBXGroup;
			children = (
				DD17B7AA281FDEE80075D6CF /* Preview Assets.xcassets */,
			);
			path = "Preview Content";
			sourceTree = "<group>";
		};
		DD17B7BB281FE1C40075D6CF /* DependencyInjection */ = {
			isa = PBXGroup;
			children = (
				DD17B7BC281FE1DD0075D6CF /* Resolver.swift */,
			);
			path = DependencyInjection;
			sourceTree = "<group>";
		};
		DD17B7BE281FE22C0075D6CF /* Services */ = {
			isa = PBXGroup;
			children = (
				DD17B7BF281FE2380075D6CF /* AuthenticationService.swift */,
				DD17B7C1281FE28C0075D6CF /* ExercisesService.swift */,
			);
			path = Services;
			sourceTree = "<group>";
		};
		DD17B7C3281FE2BB0075D6CF /* Models */ = {
			isa = PBXGroup;
			children = (
				DD17B7C4281FE2C00075D6CF /* Exercise.swift */,
			);
			path = Models;
			sourceTree = "<group>";
		};
/* End PBXGroup section */

/* Begin PBXNativeTarget section */
		DD17B79F281FDEDF0075D6CF /* Workouter */ = {
			isa = PBXNativeTarget;
			buildConfigurationList = DD17B7AE281FDEE90075D6CF /* Build configuration list for PBXNativeTarget "Workouter" */;
			buildPhases = (
				DD17B79C281FDEDF0075D6CF /* Sources */,
				DD17B79D281FDEDF0075D6CF /* Frameworks */,
				DD17B79E281FDEDF0075D6CF /* Resources */,
			);
			buildRules = (
			);
			dependencies = (
			);
			name = Workouter;
			packageProductDependencies = (
				DD17B7B2281FE01B0075D6CF /* Resolver */,
				DD17B7B5281FE1360075D6CF /* FirebaseAuth */,
				DD17B7B7281FE1360075D6CF /* FirebaseFirestore */,
				DD17B7B9281FE1360075D6CF /* FirebaseFirestoreSwift-Beta */,
			);
			productName = Workouter;
			productReference = DD17B7A0281FDEDF0075D6CF /* Workouter.app */;
			productType = "com.apple.product-type.application";
		};
/* End PBXNativeTarget section */

/* Begin PBXProject section */
		DD17B798281FDEDF0075D6CF /* Project object */ = {
			isa = PBXProject;
			attributes = {
				BuildIndependentTargetsInParallel = 1;
				LastSwiftUpdateCheck = 1330;
				LastUpgradeCheck = 1330;
				TargetAttributes = {
					DD17B79F281FDEDF0075D6CF = {
						CreatedOnToolsVersion = 13.3;
					};
				};
			};
			buildConfigurationList = DD17B79B281FDEDF0075D6CF /* Build configuration list for PBXProject "Workouter" */;
			compatibilityVersion = "Xcode 13.0";
			developmentRegion = en;
			hasScannedForEncodings = 0;
			knownRegions = (
				en,
				Base,
			);
			mainGroup = DD17B797281FDEDF0075D6CF;
			packageReferences = (
				DD17B7B1281FE01B0075D6CF /* XCRemoteSwiftPackageReference "Resolver" */,
				DD17B7B4281FE1360075D6CF /* XCRemoteSwiftPackageReference "firebase-ios-sdk" */,
			);
			productRefGroup = DD17B7A1281FDEDF0075D6CF /* Products */;
			projectDirPath = "";
			projectRoot = "";
			targets = (
				DD17B79F281FDEDF0075D6CF /* Workouter */,
			);
		};
/* End PBXProject section */

/* Begin PBXResourcesBuildPhase section */
		DD17B79E281FDEDF0075D6CF /* Resources */ = {
			isa = PBXResourcesBuildPhase;
			buildActionMask = 2147483647;
			files = (
				DD17B7AB281FDEE90075D6CF /* Preview Assets.xcassets in Resources */,
				DD17B7A8281FDEE80075D6CF /* Assets.xcassets in Resources */,
			);
			runOnlyForDeploymentPostprocessing = 0;
		};
/* End PBXResourcesBuildPhase section */

/* Begin PBXSourcesBuildPhase section */
		DD17B79C281FDEDF0075D6CF /* Sources */ = {
			isa = PBXSourcesBuildPhase;
			buildActionMask = 2147483647;
			files = (
				DD17B7BD281FE1DD0075D6CF /* Resolver.swift in Sources */,
				DD17B7A6281FDEE00075D6CF /* ContentView.swift in Sources */,
				DD17B7A4281FDEE00075D6CF /* WorkouterApp.swift in Sources */,
				DD17B7C2281FE28C0075D6CF /* ExercisesService.swift in Sources */,
				DD17B7C0281FE2380075D6CF /* AuthenticationService.swift in Sources */,
				DD17B7C5281FE2C00075D6CF /* Exercise.swift in Sources */,
			);
			runOnlyForDeploymentPostprocessing = 0;
		};
/* End PBXSourcesBuildPhase section */

/* Begin XCBuildConfiguration section */
		DD17B7AC281FDEE90075D6CF /* Debug */ = {
			isa = XCBuildConfiguration;
			buildSettings = {
				ALWAYS_SEARCH_USER_PATHS = NO;
				CLANG_ANALYZER_NONNULL = YES;
				CLANG_ANALYZER_NUMBER_OBJECT_CONVERSION = YES_AGGRESSIVE;
				CLANG_CXX_LANGUAGE_STANDARD = "gnu++17";
				CLANG_ENABLE_MODULES = YES;
				CLANG_ENABLE_OBJC_ARC = YES;
				CLANG_ENABLE_OBJC_WEAK = YES;
				CLANG_WARN_BLOCK_CAPTURE_AUTORELEASING = YES;
				CLANG_WARN_BOOL_CONVERSION = YES;
				CLANG_WARN_COMMA = YES;
				CLANG_WARN_CONSTANT_CONVERSION = YES;
				CLANG_WARN_DEPRECATED_OBJC_IMPLEMENTATIONS = YES;
				CLANG_WARN_DIRECT_OBJC_ISA_USAGE = YES_ERROR;
				CLANG_WARN_DOCUMENTATION_COMMENTS = YES;
				CLANG_WARN_EMPTY_BODY = YES;
				CLANG_WARN_ENUM_CONVERSION = YES;
				CLANG_WARN_INFINITE_RECURSION = YES;
				CLANG_WARN_INT_CONVERSION = YES;
				CLANG_WARN_NON_LITERAL_NULL_CONVERSION = YES;
				CLANG_WARN_OBJC_IMPLICIT_RETAIN_SELF = YES;
				CLANG_WARN_OBJC_LITERAL_CONVERSION = YES;
				CLANG_WARN_OBJC_ROOT_CLASS = YES_ERROR;
				CLANG_WARN_QUOTED_INCLUDE_IN_FRAMEWORK_HEADER = YES;
				CLANG_WARN_RANGE_LOOP_ANALYSIS = YES;
				CLANG_WARN_STRICT_PROTOTYPES = YES;
				CLANG_WARN_SUSPICIOUS_MOVE = YES;
				CLANG_WARN_UNGUARDED_AVAILABILITY = YES_AGGRESSIVE;
				CLANG_WARN_UNREACHABLE_CODE = YES;
				CLANG_WARN__DUPLICATE_METHOD_MATCH = YES;
				COPY_PHASE_STRIP = NO;
				DEBUG_INFORMATION_FORMAT = dwarf;
				ENABLE_STRICT_OBJC_MSGSEND = YES;
				ENABLE_TESTABILITY = YES;
				GCC_C_LANGUAGE_STANDARD = gnu11;
				GCC_DYNAMIC_NO_PIC = NO;
				GCC_NO_COMMON_BLOCKS = YES;
				GCC_OPTIMIZATION_LEVEL = 0;
				GCC_PREPROCESSOR_DEFINITIONS = (
					"DEBUG=1",
					"$(inherited)",
				);
				GCC_WARN_64_TO_32_BIT_CONVERSION = YES;
				GCC_WARN_ABOUT_RETURN_TYPE = YES_ERROR;
				GCC_WARN_UNDECLARED_SELECTOR = YES;
				GCC_WARN_UNINITIALIZED_AUTOS = YES_AGGRESSIVE;
				GCC_WARN_UNUSED_FUNCTION = YES;
				GCC_WARN_UNUSED_VARIABLE = YES;
				IPHONEOS_DEPLOYMENT_TARGET = 15.4;
				MTL_ENABLE_DEBUG_INFO = INCLUDE_SOURCE;
				MTL_FAST_MATH = YES;
				ONLY_ACTIVE_ARCH = YES;
				SDKROOT = iphoneos;
				SWIFT_ACTIVE_COMPILATION_CONDITIONS = DEBUG;
				SWIFT_OPTIMIZATION_LEVEL = "-Onone";
			};
			name = Debug;
		};
		DD17B7AD281FDEE90075D6CF /* Release */ = {
			isa = XCBuildConfiguration;
			buildSettings = {
				ALWAYS_SEARCH_USER_PATHS = NO;
				CLANG_ANALYZER_NONNULL = YES;
				CLANG_ANALYZER_NUMBER_OBJECT_CONVERSION = YES_AGGRESSIVE;
				CLANG_CXX_LANGUAGE_STANDARD = "gnu++17";
				CLANG_ENABLE_MODULES = YES;
				CLANG_ENABLE_OBJC_ARC = YES;
				CLANG_ENABLE_OBJC_WEAK = YES;
				CLANG_WARN_BLOCK_CAPTURE_AUTORELEASING = YES;
				CLANG_WARN_BOOL_CONVERSION = YES;
				CLANG_WARN_COMMA = YES;
				CLANG_WARN_CONSTANT_CONVERSION = YES;
				CLANG_WARN_DEPRECATED_OBJC_IMPLEMENTATIONS = YES;
				CLANG_WARN_DIRECT_OBJC_ISA_USAGE = YES_ERROR;
				CLANG_WARN_DOCUMENTATION_COMMENTS = YES;
				CLANG_WARN_EMPTY_BODY = YES;
				CLANG_WARN_ENUM_CONVERSION = YES;
				CLANG_WARN_INFINITE_RECURSION = YES;
				CLANG_WARN_INT_CONVERSION = YES;
				CLANG_WARN_NON_LITERAL_NULL_CONVERSION = YES;
				CLANG_WARN_OBJC_IMPLICIT_RETAIN_SELF = YES;
				CLANG_WARN_OBJC_LITERAL_CONVERSION = YES;
				CLANG_WARN_OBJC_ROOT_CLASS = YES_ERROR;
				CLANG_WARN_QUOTED_INCLUDE_IN_FRAMEWORK_HEADER = YES;
				CLANG_WARN_RANGE_LOOP_ANALYSIS = YES;
				CLANG_WARN_STRICT_PROTOTYPES = YES;
				CLANG_WARN_SUSPICIOUS_MOVE = YES;
				CLANG_WARN_UNGUARDED_AVAILABILITY = YES_AGGRESSIVE;
				CLANG_WARN_UNREACHABLE_CODE = YES;
				CLANG_WARN__DUPLICATE_METHOD_MATCH = YES;
				COPY_PHASE_STRIP = NO;
				DEBUG_INFORMATION_FORMAT = "dwarf-with-dsym";
				ENABLE_NS_ASSERTIONS = NO;
				ENABLE_STRICT_OBJC_MSGSEND = YES;
				GCC_C_LANGUAGE_STANDARD = gnu11;
				GCC_NO_COMMON_BLOCKS = YES;
				GCC_WARN_64_TO_32_BIT_CONVERSION = YES;
				GCC_WARN_ABOUT_RETURN_TYPE = YES_ERROR;
				GCC_WARN_UNDECLARED_SELECTOR = YES;
				GCC_WARN_UNINITIALIZED_AUTOS = YES_AGGRESSIVE;
				GCC_WARN_UNUSED_FUNCTION = YES;
				GCC_WARN_UNUSED_VARIABLE = YES;
				IPHONEOS_DEPLOYMENT_TARGET = 15.4;
				MTL_ENABLE_DEBUG_INFO = NO;
				MTL_FAST_MATH = YES;
				SDKROOT = iphoneos;
				SWIFT_COMPILATION_MODE = wholemodule;
				SWIFT_OPTIMIZATION_LEVEL = "-O";
				VALIDATE_PRODUCT = YES;
			};
			name = Release;
		};
		DD17B7AF281FDEE90075D6CF /* Debug */ = {
			isa = XCBuildConfiguration;
			buildSettings = {
				ASSETCATALOG_COMPILER_APPICON_NAME = AppIcon;
				ASSETCATALOG_COMPILER_GLOBAL_ACCENT_COLOR_NAME = AccentColor;
				CODE_SIGN_STYLE = Automatic;
				CURRENT_PROJECT_VERSION = 1;
				DEVELOPMENT_ASSET_PATHS = "\"Workouter/Preview Content\"";
				DEVELOPMENT_TEAM = 3LNHRD9H5P;
				ENABLE_PREVIEWS = YES;
				GENERATE_INFOPLIST_FILE = YES;
				INFOPLIST_KEY_UIApplicationSceneManifest_Generation = YES;
				INFOPLIST_KEY_UIApplicationSupportsIndirectInputEvents = YES;
				INFOPLIST_KEY_UILaunchScreen_Generation = YES;
				INFOPLIST_KEY_UISupportedInterfaceOrientations_iPad = "UIInterfaceOrientationPortrait UIInterfaceOrientationPortraitUpsideDown UIInterfaceOrientationLandscapeLeft UIInterfaceOrientationLandscapeRight";
				INFOPLIST_KEY_UISupportedInterfaceOrientations_iPhone = "UIInterfaceOrientationPortrait UIInterfaceOrientationLandscapeLeft UIInterfaceOrientationLandscapeRight";
				LD_RUNPATH_SEARCH_PATHS = (
					"$(inherited)",
					"@executable_path/Frameworks",
				);
				MARKETING_VERSION = 1.0;
				PRODUCT_BUNDLE_IDENTIFIER = com.grodld.Workouter;
				PRODUCT_NAME = "$(TARGET_NAME)";
				SWIFT_EMIT_LOC_STRINGS = YES;
				SWIFT_VERSION = 5.0;
				TARGETED_DEVICE_FAMILY = "1,2";
			};
			name = Debug;
		};
		DD17B7B0281FDEE90075D6CF /* Release */ = {
			isa = XCBuildConfiguration;
			buildSettings = {
				ASSETCATALOG_COMPILER_APPICON_NAME = AppIcon;
				ASSETCATALOG_COMPILER_GLOBAL_ACCENT_COLOR_NAME = AccentColor;
				CODE_SIGN_STYLE = Automatic;
				CURRENT_PROJECT_VERSION = 1;
				DEVELOPMENT_ASSET_PATHS = "\"Workouter/Preview Content\"";
				DEVELOPMENT_TEAM = 3LNHRD9H5P;
				ENABLE_PREVIEWS = YES;
				GENERATE_INFOPLIST_FILE = YES;
				INFOPLIST_KEY_UIApplicationSceneManifest_Generation = YES;
				INFOPLIST_KEY_UIApplicationSupportsIndirectInputEvents = YES;
				INFOPLIST_KEY_UILaunchScreen_Generation = YES;
				INFOPLIST_KEY_UISupportedInterfaceOrientations_iPad = "UIInterfaceOrientationPortrait UIInterfaceOrientationPortraitUpsideDown UIInterfaceOrientationLandscapeLeft UIInterfaceOrientationLandscapeRight";
				INFOPLIST_KEY_UISupportedInterfaceOrientations_iPhone = "UIInterfaceOrientationPortrait UIInterfaceOrientationLandscapeLeft UIInterfaceOrientationLandscapeRight";
				LD_RUNPATH_SEARCH_PATHS = (
					"$(inherited)",
					"@executable_path/Frameworks",
				);
				MARKETING_VERSION = 1.0;
				PRODUCT_BUNDLE_IDENTIFIER = com.grodld.Workouter;
				PRODUCT_NAME = "$(TARGET_NAME)";
				SWIFT_EMIT_LOC_STRINGS = YES;
				SWIFT_VERSION = 5.0;
				TARGETED_DEVICE_FAMILY = "1,2";
			};
			name = Release;
		};
/* End XCBuildConfiguration section */

/* Begin XCConfigurationList section */
		DD17B79B281FDEDF0075D6CF /* Build configuration list for PBXProject "Workouter" */ = {
			isa = XCConfigurationList;
			buildConfigurations = (
				DD17B7AC281FDEE90075D6CF /* Debug */,
				DD17B7AD281FDEE90075D6CF /* Release */,
			);
			defaultConfigurationIsVisible = 0;
			defaultConfigurationName = Release;
		};
		DD17B7AE281FDEE90075D6CF /* Build configuration list for PBXNativeTarget "Workouter" */ = {
			isa = XCConfigurationList;
			buildConfigurations = (
				DD17B7AF281FDEE90075D6CF /* Debug */,
				DD17B7B0281FDEE90075D6CF /* Release */,
			);
			defaultConfigurationIsVisible = 0;
			defaultConfigurationName = Release;
		};
/* End XCConfigurationList section */

/* Begin XCRemoteSwiftPackageReference section */
		DD17B7B1281FE01B0075D6CF /* XCRemoteSwiftPackageReference "Resolver" */ = {
			isa = XCRemoteSwiftPackageReference;
			repositoryURL = "https://github.com/hmlongco/Resolver.git";
			requirement = {
				kind = upToNextMinorVersion;
				minimumVersion = 1.5.0;
			};
		};
		DD17B7B4281FE1360075D6CF /* XCRemoteSwiftPackageReference "firebase-ios-sdk" */ = {
			isa = XCRemoteSwiftPackageReference;
			repositoryURL = "https://github.com/firebase/firebase-ios-sdk";
			requirement = {
				kind = upToNextMajorVersion;
				minimumVersion = 8.10.0;
			};
		};
/* End XCRemoteSwiftPackageReference section */

/* Begin XCSwiftPackageProductDependency section */
		DD17B7B2281FE01B0075D6CF /* Resolver */ = {
			isa = XCSwiftPackageProductDependency;
			package = DD17B7B1281FE01B0075D6CF /* XCRemoteSwiftPackageReference "Resolver" */;
			productName = Resolver;
		};
		DD17B7B5281FE1360075D6CF /* FirebaseAuth */ = {
			isa = XCSwiftPackageProductDependency;
			package = DD17B7B4281FE1360075D6CF /* XCRemoteSwiftPackageReference "firebase-ios-sdk" */;
			productName = FirebaseAuth;
		};
		DD17B7B7281FE1360075D6CF /* FirebaseFirestore */ = {
			isa = XCSwiftPackageProductDependency;
			package = DD17B7B4281FE1360075D6CF /* XCRemoteSwiftPackageReference "firebase-ios-sdk" */;
			productName = FirebaseFirestore;
		};
		DD17B7B9281FE1360075D6CF /* FirebaseFirestoreSwift-Beta */ = {
			isa = XCSwiftPackageProductDependency;
			package = DD17B7B4281FE1360075D6CF /* XCRemoteSwiftPackageReference "firebase-ios-sdk" */;
			productName = "FirebaseFirestoreSwift-Beta";
		};
/* End XCSwiftPackageProductDependency section */
	};
	rootObject = DD17B798281FDEDF0075D6CF /* Project object */;
}
